
Microsoft Visual Studio Solution File, Format Version 12.00
# Visual Studio Version 17
VisualStudioVersion = 17.2.32630.192
MinimumVisualStudioVersion = 10.0.40219.1
Project("{FAE04EC0-301F-11D3-BF4B-00C04F79EFBC}") = "UserRegistration", "UserRegistration\UserRegistration.csproj", "{9EF62E29-120F-47DE-A5F0-C49419DD246E}"
EndProject
Global
	GlobalSection(SolutionConfigurationPlatforms) = preSolution
		Debug|Any CPU = Debug|Any CPU
		Release|Any CPU = Release|Any CPU
	EndGlobalSection
	GlobalSection(ProjectConfigurationPlatforms) = postSolution
		{9EF62E29-120F-47DE-A5F0-C49419DD246E}.Debug|Any CPU.ActiveCfg = Debug|Any CPU
		{9EF62E29-120F-47DE-A5F0-C49419DD246E}.Debug|Any CPU.Build.0 = Debug|Any CPU
		{9EF62E29-120F-47DE-A5F0-C49419DD246E}.Release|Any CPU.ActiveCfg = Release|Any CPU
		{9EF62E29-120F-47DE-A5F0-C49419DD246E}.Release|Any CPU.Build.0 = Release|Any CPU
	EndGlobalSection
	GlobalSection(SolutionProperties) = preSolution
		HideSolutionNode = FALSE
	EndGlobalSection
	GlobalSection(ExtensibilityGlobals) = postSolution
		SolutionGuid = {8E463A17-E9FA-4FAF-A92A-E48A3297267D}
	EndGlobalSection
EndGlobal
